github.com/bnkamalesh/webgo v1.6.1 h1:3KM3ACvC44qlK6uDxzu1J93RaMmT1qX40xDav32dsiA=
github.com/bnkamalesh/webgo v2.5.1+incompatible h1:hmTKzO0XiETSl8OE8kQG7nwdAPKxQwVVPcX6vCw9LU4=
github.com/bnkamalesh/webgo/v3 v3.3.0 h1:JwmdnsxF2c7bq7yeCDaqBs2D486h88ndOBqz7v3b8g0=
github.com/bnkamalesh/webgo/v3 v3.3.0/go.mod h1:z0cqhnEfWMBzeFs8k+Q08GKqwpHKbX9YFYnisiTNdO8=
